// !$*UTF8*$!
{
	archiveVersion = 1;
	classes = {
	};
	objectVersion = 46;
	objects = {

/* Begin PBXBuildFile section */
		4A1DDE1B1D76762E006F4C69 /* ZJVc9Controller.m in Sources */ = {isa = PBXBuildFile; fileRef = 4A1DDE1A1D76762E006F4C69 /* ZJVc9Controller.m */; };
		4A1DDE1E1D7677B6006F4C69 /* ZJPageCollectionViewController.m in Sources */ = {isa = PBXBuildFile; fileRef = 4A1DDE1D1D7677B6006F4C69 /* ZJPageCollectionViewController.m */; };
		4A1DDE211D7677C6006F4C69 /* ZJPageTableViewController.m in Sources */ = {isa = PBXBuildFile; fileRef = 4A1DDE201D7677C6006F4C69 /* ZJPageTableViewController.m */; };
		4A1DDE261D767859006F4C69 /* ZJPageViewController.m in Sources */ = {isa = PBXBuildFile; fileRef = 4A1DDE251D767859006F4C69 /* ZJPageViewController.m */; };
		4A1DDE651D769C3E006F4C69 /* MJRefreshAutoFooter.m in Sources */ = {isa = PBXBuildFile; fileRef = 4A1DDE391D769C3D006F4C69 /* MJRefreshAutoFooter.m */; };
		4A1DDE661D769C3E006F4C69 /* MJRefreshBackFooter.m in Sources */ = {isa = PBXBuildFile; fileRef = 4A1DDE3B1D769C3D006F4C69 /* MJRefreshBackFooter.m */; };
		4A1DDE671D769C3E006F4C69 /* MJRefreshComponent.m in Sources */ = {isa = PBXBuildFile; fileRef = 4A1DDE3D1D769C3E006F4C69 /* MJRefreshComponent.m */; };
		4A1DDE681D769C3E006F4C69 /* MJRefreshFooter.m in Sources */ = {isa = PBXBuildFile; fileRef = 4A1DDE3F1D769C3E006F4C69 /* MJRefreshFooter.m */; };
		4A1DDE691D769C3E006F4C69 /* MJRefreshHeader.m in Sources */ = {isa = PBXBuildFile; fileRef = 4A1DDE411D769C3E006F4C69 /* MJRefreshHeader.m */; };
		4A1DDE6A1D769C3E006F4C69 /* MJRefreshAutoGifFooter.m in Sources */ = {isa = PBXBuildFile; fileRef = 4A1DDE461D769C3E006F4C69 /* MJRefreshAutoGifFooter.m */; };
		4A1DDE6B1D769C3E006F4C69 /* MJRefreshAutoNormalFooter.m in Sources */ = {isa = PBXBuildFile; fileRef = 4A1DDE481D769C3E006F4C69 /* MJRefreshAutoNormalFooter.m */; };
		4A1DDE6C1D769C3E006F4C69 /* MJRefreshAutoStateFooter.m in Sources */ = {isa = PBXBuildFile; fileRef = 4A1DDE4A1D769C3E006F4C69 /* MJRefreshAutoStateFooter.m */; };
		4A1DDE6D1D769C3E006F4C69 /* MJRefreshBackGifFooter.m in Sources */ = {isa = PBXBuildFile; fileRef = 4A1DDE4D1D769C3E006F4C69 /* MJRefreshBackGifFooter.m */; };
		4A1DDE6E1D769C3E006F4C69 /* MJRefreshBackNormalFooter.m in Sources */ = {isa = PBXBuildFile; fileRef = 4A1DDE4F1D769C3E006F4C69 /* MJRefreshBackNormalFooter.m */; };
		4A1DDE6F1D769C3E006F4C69 /* MJRefreshBackStateFooter.m in Sources */ = {isa = PBXBuildFile; fileRef = 4A1DDE511D769C3E006F4C69 /* MJRefreshBackStateFooter.m */; };
		4A1DDE701D769C3E006F4C69 /* MJRefreshGifHeader.m in Sources */ = {isa = PBXBuildFile; fileRef = 4A1DDE541D769C3E006F4C69 /* MJRefreshGifHeader.m */; };
		4A1DDE711D769C3E006F4C69 /* MJRefreshNormalHeader.m in Sources */ = {isa = PBXBuildFile; fileRef = 4A1DDE561D769C3E006F4C69 /* MJRefreshNormalHeader.m */; };
		4A1DDE721D769C3E006F4C69 /* MJRefreshStateHeader.m in Sources */ = {isa = PBXBuildFile; fileRef = 4A1DDE581D769C3E006F4C69 /* MJRefreshStateHeader.m */; };
		4A1DDE731D769C3E006F4C69 /* MJRefresh.bundle in Resources */ = {isa = PBXBuildFile; fileRef = 4A1DDE591D769C3E006F4C69 /* MJRefresh.bundle */; };
		4A1DDE741D769C3E006F4C69 /* MJRefreshConst.m in Sources */ = {isa = PBXBuildFile; fileRef = 4A1DDE5C1D769C3E006F4C69 /* MJRefreshConst.m */; };
		4A1DDE751D769C3E006F4C69 /* NSBundle+MJRefresh.m in Sources */ = {isa = PBXBuildFile; fileRef = 4A1DDE5E1D769C3E006F4C69 /* NSBundle+MJRefresh.m */; };
		4A1DDE761D769C3E006F4C69 /* UIScrollView+MJExtension.m in Sources */ = {isa = PBXBuildFile; fileRef = 4A1DDE601D769C3E006F4C69 /* UIScrollView+MJExtension.m */; };
		4A1DDE771D769C3E006F4C69 /* UIScrollView+MJRefresh.m in Sources */ = {isa = PBXBuildFile; fileRef = 4A1DDE621D769C3E006F4C69 /* UIScrollView+MJRefresh.m */; };
		4A1DDE781D769C3E006F4C69 /* UIView+MJExtension.m in Sources */ = {isa = PBXBuildFile; fileRef = 4A1DDE641D769C3E006F4C69 /* UIView+MJExtension.m */; };
		4A765C511D6959CE00BD42C9 /* ZJVc10Controller.m in Sources */ = {isa = PBXBuildFile; fileRef = 4A765C501D6959CE00BD42C9 /* ZJVc10Controller.m */; };
		4AAF4F0F1D24D88D009F6D3F /* ZJTest1Controller.m in Sources */ = {isa = PBXBuildFile; fileRef = 4AAF4F0E1D24D88D009F6D3F /* ZJTest1Controller.m */; };
		4AC695A71EB05379007BA04C /* ZJTest2ViewController.m in Sources */ = {isa = PBXBuildFile; fileRef = 4AC695A61EB05379007BA04C /* ZJTest2ViewController.m */; };
		4AD142241D2CE6AD001113FC /* ZJVc0Controller.m in Sources */ = {isa = PBXBuildFile; fileRef = 4AD142231D2CE6AD001113FC /* ZJVc0Controller.m */; };
		4AD142281D2CE807001113FC /* ZJPageController.m in Sources */ = {isa = PBXBuildFile; fileRef = 4AD142271D2CE807001113FC /* ZJPageController.m */; };
		4AD1422E1D2E2A00001113FC /* ZJCollectionController.m in Sources */ = {isa = PBXBuildFile; fileRef = 4AD1422D1D2E2A00001113FC /* ZJCollectionController.m */; };
		4AD142311D2E33DA001113FC /* ZJTableViewController.m in Sources */ = {isa = PBXBuildFile; fileRef = 4AD142301D2E33DA001113FC /* ZJTableViewController.m */; };
		4ADF6D8A1DBDACE1008D207B /* ZJCollectionView.m in Sources */ = {isa = PBXBuildFile; fileRef = 4ADF6D891DBDACE1008D207B /* ZJCollectionView.m */; };
		4B0C06311CDC55080079E8F3 /* main.m in Sources */ = {isa = PBXBuildFile; fileRef = 4B0C06301CDC55080079E8F3 /* main.m */; };
		4B0C06341CDC55080079E8F3 /* AppDelegate.m in Sources */ = {isa = PBXBuildFile; fileRef = 4B0C06331CDC55080079E8F3 /* AppDelegate.m */; };
		4B0C06371CDC55080079E8F3 /* ViewController.m in Sources */ = {isa = PBXBuildFile; fileRef = 4B0C06361CDC55080079E8F3 /* ViewController.m */; };
		4B0C063C1CDC55080079E8F3 /* Assets.xcassets in Resources */ = {isa = PBXBuildFile; fileRef = 4B0C063B1CDC55080079E8F3 /* Assets.xcassets */; };
		4B0C063F1CDC55080079E8F3 /* LaunchScreen.storyboard in Resources */ = {isa = PBXBuildFile; fileRef = 4B0C063D1CDC55080079E8F3 /* LaunchScreen.storyboard */; };
		4B0C064A1CDC55080079E8F3 /* ZJScrollPageViewTests.m in Sources */ = {isa = PBXBuildFile; fileRef = 4B0C06491CDC55080079E8F3 /* ZJScrollPageViewTests.m */; };
		4B0C06551CDC55080079E8F3 /* ZJScrollPageViewUITests.m in Sources */ = {isa = PBXBuildFile; fileRef = 4B0C06541CDC55080079E8F3 /* ZJScrollPageViewUITests.m */; };
		4B56CB9F1D06E1E900D58BFA /* UIViewController+ZJScrollPageController.m in Sources */ = {isa = PBXBuildFile; fileRef = 4B56CB9E1D06E1E900D58BFA /* UIViewController+ZJScrollPageController.m */; };
		4B7429C51CDD9ACB009CC9B2 /* Main.storyboard in Resources */ = {isa = PBXBuildFile; fileRef = 4B7429C41CDD9ACB009CC9B2 /* Main.storyboard */; };
		4B7429DB1CDD9C16009CC9B2 /* UIView+ZJFrame.m in Sources */ = {isa = PBXBuildFile; fileRef = 4B7429D01CDD9C16009CC9B2 /* UIView+ZJFrame.m */; };
		4B7429DC1CDD9C16009CC9B2 /* ZJContentView.m in Sources */ = {isa = PBXBuildFile; fileRef = 4B7429D21CDD9C16009CC9B2 /* ZJContentView.m */; };
		4B7429DD1CDD9C16009CC9B2 /* ZJTitleView.m in Sources */ = {isa = PBXBuildFile; fileRef = 4B7429D41CDD9C16009CC9B2 /* ZJTitleView.m */; };
		4B7429DE1CDD9C16009CC9B2 /* ZJScrollPageView.m in Sources */ = {isa = PBXBuildFile; fileRef = 4B7429D61CDD9C16009CC9B2 /* ZJScrollPageView.m */; };
		4B7429DF1CDD9C16009CC9B2 /* ZJScrollSegmentView.m in Sources */ = {isa = PBXBuildFile; fileRef = 4B7429D81CDD9C16009CC9B2 /* ZJScrollSegmentView.m */; };
		4B7429E01CDD9C16009CC9B2 /* ZJSegmentStyle.m in Sources */ = {isa = PBXBuildFile; fileRef = 4B7429DA1CDD9C16009CC9B2 /* ZJSegmentStyle.m */; };
		4B7429E31CDD9F1B009CC9B2 /* ZJVc2Controller.m in Sources */ = {isa = PBXBuildFile; fileRef = 4B7429E21CDD9F1B009CC9B2 /* ZJVc2Controller.m */; };
		4B7429E61CDDB3E4009CC9B2 /* ZJVc1Controller.m in Sources */ = {isa = PBXBuildFile; fileRef = 4B7429E51CDDB3E4009CC9B2 /* ZJVc1Controller.m */; };
		4B7429E91CDDCE18009CC9B2 /* ZJVc4Controller.m in Sources */ = {isa = PBXBuildFile; fileRef = 4B7429E81CDDCE18009CC9B2 /* ZJVc4Controller.m */; };
		4B7429EC1CDDCE29009CC9B2 /* ZJVc3Controller.m in Sources */ = {isa = PBXBuildFile; fileRef = 4B7429EB1CDDCE29009CC9B2 /* ZJVc3Controller.m */; };
		4B7429EF1CDDCECD009CC9B2 /* ZJVc6Controller.m in Sources */ = {isa = PBXBuildFile; fileRef = 4B7429EE1CDDCECD009CC9B2 /* ZJVc6Controller.m */; };
		4B7429F21CDDD409009CC9B2 /* ZJVc5Controller.m in Sources */ = {isa = PBXBuildFile; fileRef = 4B7429F11CDDD409009CC9B2 /* ZJVc5Controller.m */; };
		4B7429F51CDDD4DA009CC9B2 /* ZJVc7Controller.m in Sources */ = {isa = PBXBuildFile; fileRef = 4B7429F41CDDD4DA009CC9B2 /* ZJVc7Controller.m */; };
		4B7429F81CDDDC35009CC9B2 /* ZJTestViewController.m in Sources */ = {isa = PBXBuildFile; fileRef = 4B7429F71CDDDC35009CC9B2 /* ZJTestViewController.m */; };
		4B7429FC1CDDE1E5009CC9B2 /* ZJVc8Controller.m in Sources */ = {isa = PBXBuildFile; fileRef = 4B7429FB1CDDE1E5009CC9B2 /* ZJVc8Controller.m */; };
/* End PBXBuildFile section */

/* Begin PBXContainerItemProxy section */
		4B0C06461CDC55080079E8F3 /* PBXContainerItemProxy */ = {
			isa = PBXContainerItemProxy;
			containerPortal = 4B0C06241CDC55080079E8F3 /* Project object */;
			proxyType = 1;
			remoteGlobalIDString = 4B0C062B1CDC55080079E8F3;
			remoteInfo = ZJScrollPageView;
		};
		4B0C06511CDC55080079E8F3 /* PBXContainerItemProxy */ = {
			isa = PBXContainerItemProxy;
			containerPortal = 4B0C06241CDC55080079E8F3 /* Project object */;
			proxyType = 1;
			remoteGlobalIDString = 4B0C062B1CDC55080079E8F3;
			remoteInfo = ZJScrollPageView;
		};
/* End PBXContainerItemProxy section */

/* Begin PBXFileReference section */
		4A1DDE191D76762E006F4C69 /* ZJVc9Controller.h */ = {isa = PBXFileReference; fileEncoding = 4; lastKnownFileType = sourcecode.c.h; path = ZJVc9Controller.h; sourceTree = "<group>"; };
		4A1DDE1A1D76762E006F4C69 /* ZJVc9Controller.m */ = {isa = PBXFileReference; fileEncoding = 4; lastKnownFileType = sourcecode.c.objc; path = ZJVc9Controller.m; sourceTree = "<group>"; };
		4A1DDE1C1D7677B6006F4C69 /* ZJPageCollectionViewController.h */ = {isa = PBXFileReference; fileEncoding = 4; lastKnownFileType = sourcecode.c.h; path = ZJPageCollectionViewController.h; sourceTree = "<group>"; };
		4A1DDE1D1D7677B6006F4C69 /* ZJPageCollectionViewController.m */ = {isa = PBXFileReference; fileEncoding = 4; lastKnownFileType = sourcecode.c.objc; path = ZJPageCollectionViewController.m; sourceTree = "<group>"; };
		4A1DDE1F1D7677C6006F4C69 /* ZJPageTableViewController.h */ = {isa = PBXFileReference; fileEncoding = 4; lastKnownFileType = sourcecode.c.h; path = ZJPageTableViewController.h; sourceTree = "<group>"; };
		4A1DDE201D7677C6006F4C69 /* ZJPageTableViewController.m */ = {isa = PBXFileReference; fileEncoding = 4; lastKnownFileType = sourcecode.c.objc; path = ZJPageTableViewController.m; sourceTree = "<group>"; };
		4A1DDE241D767859006F4C69 /* ZJPageViewController.h */ = {isa = PBXFileReference; fileEncoding = 4; lastKnownFileType = sourcecode.c.h; path = ZJPageViewController.h; sourceTree = "<group>"; };
		4A1DDE251D767859006F4C69 /* ZJPageViewController.m */ = {isa = PBXFileReference; fileEncoding = 4; lastKnownFileType = sourcecode.c.objc; path = ZJPageViewController.m; sourceTree = "<group>"; };
		4A1DDE381D769C3D006F4C69 /* MJRefreshAutoFooter.h */ = {isa = PBXFileReference; fileEncoding = 4; lastKnownFileType = sourcecode.c.h; path = MJRefreshAutoFooter.h; sourceTree = "<group>"; };
		4A1DDE391D769C3D006F4C69 /* MJRefreshAutoFooter.m */ = {isa = PBXFileReference; fileEncoding = 4; lastKnownFileType = sourcecode.c.objc; path = MJRefreshAutoFooter.m; sourceTree = "<group>"; };
		4A1DDE3A1D769C3D006F4C69 /* MJRefreshBackFooter.h */ = {isa = PBXFileReference; fileEncoding = 4; lastKnownFileType = sourcecode.c.h; path = MJRefreshBackFooter.h; sourceTree = "<group>"; };
		4A1DDE3B1D769C3D006F4C69 /* MJRefreshBackFooter.m */ = {isa = PBXFileReference; fileEncoding = 4; lastKnownFileType = sourcecode.c.objc; path = MJRefreshBackFooter.m; sourceTree = "<group>"; };
		4A1DDE3C1D769C3E006F4C69 /* MJRefreshComponent.h */ = {isa = PBXFileReference; fileEncoding = 4; lastKnownFileType = sourcecode.c.h; path = MJRefreshComponent.h; sourceTree = "<group>"; };
		4A1DDE3D1D769C3E006F4C69 /* MJRefreshComponent.m */ = {isa = PBXFileReference; fileEncoding = 4; lastKnownFileType = sourcecode.c.objc; path = MJRefreshComponent.m; sourceTree = "<group>"; };
		4A1DDE3E1D769C3E006F4C69 /* MJRefreshFooter.h */ = {isa = PBXFileReference; fileEncoding = 4; lastKnownFileType = sourcecode.c.h; path = MJRefreshFooter.h; sourceTree = "<group>"; };
		4A1DDE3F1D769C3E006F4C69 /* MJRefreshFooter.m */ = {isa = PBXFileReference; fileEncoding = 4; lastKnownFileType = sourcecode.c.objc; path = MJRefreshFooter.m; sourceTree = "<group>"; };
		4A1DDE401D769C3E006F4C69 /* MJRefreshHeader.h */ = {isa = PBXFileReference; fileEncoding = 4; lastKnownFileType = sourcecode.c.h; path = MJRefreshHeader.h; sourceTree = "<group>"; };
		4A1DDE411D769C3E006F4C69 /* MJRefreshHeader.m */ = {isa = PBXFileReference; fileEncoding = 4; lastKnownFileType = sourcecode.c.objc; path = MJRefreshHeader.m; sourceTree = "<group>"; };
		4A1DDE451D769C3E006F4C69 /* MJRefreshAutoGifFooter.h */ = {isa = PBXFileReference; fileEncoding = 4; lastKnownFileType = sourcecode.c.h; path = MJRefreshAutoGifFooter.h; sourceTree = "<group>"; };
		4A1DDE461D769C3E006F4C69 /* MJRefreshAutoGifFooter.m */ = {isa = PBXFileReference; fileEncoding = 4; lastKnownFileType = sourcecode.c.objc; path = MJRefreshAutoGifFooter.m; sourceTree = "<group>"; };
		4A1DDE471D769C3E006F4C69 /* MJRefreshAutoNormalFooter.h */ = {isa = PBXFileReference; fileEncoding = 4; lastKnownFileType = sourcecode.c.h; path = MJRefreshAutoNormalFooter.h; sourceTree = "<group>"; };
		4A1DDE481D769C3E006F4C69 /* MJRefreshAutoNormalFooter.m */ = {isa = PBXFileReference; fileEncoding = 4; lastKnownFileType = sourcecode.c.objc; path = MJRefreshAutoNormalFooter.m; sourceTree = "<group>"; };
		4A1DDE491D769C3E006F4C69 /* MJRefreshAutoStateFooter.h */ = {isa = PBXFileReference; fileEncoding = 4; lastKnownFileType = sourcecode.c.h; path = MJRefreshAutoStateFooter.h; sourceTree = "<group>"; };
		4A1DDE4A1D769C3E006F4C69 /* MJRefreshAutoStateFooter.m */ = {isa = PBXFileReference; fileEncoding = 4; lastKnownFileType = sourcecode.c.objc; path = MJRefreshAutoStateFooter.m; sourceTree = "<group>"; };
		4A1DDE4C1D769C3E006F4C69 /* MJRefreshBackGifFooter.h */ = {isa = PBXFileReference; fileEncoding = 4; lastKnownFileType = sourcecode.c.h; path = MJRefreshBackGifFooter.h; sourceTree = "<group>"; };
		4A1DDE4D1D769C3E006F4C69 /* MJRefreshBackGifFooter.m */ = {isa = PBXFileReference; fileEncoding = 4; lastKnownFileType = sourcecode.c.objc; path = MJRefreshBackGifFooter.m; sourceTree = "<group>"; };
		4A1DDE4E1D769C3E006F4C69 /* MJRefreshBackNormalFooter.h */ = {isa = PBXFileReference; fileEncoding = 4; lastKnownFileType = sourcecode.c.h; path = MJRefreshBackNormalFooter.h; sourceTree = "<group>"; };
		4A1DDE4F1D769C3E006F4C69 /* MJRefreshBackNormalFooter.m */ = {isa = PBXFileReference; fileEncoding = 4; lastKnownFileType = sourcecode.c.objc; path = MJRefreshBackNormalFooter.m; sourceTree = "<group>"; };
		4A1DDE501D769C3E006F4C69 /* MJRefreshBackStateFooter.h */ = {isa = PBXFileReference; fileEncoding = 4; lastKnownFileType = sourcecode.c.h; path = MJRefreshBackStateFooter.h; sourceTree = "<group>"; };
		4A1DDE511D769C3E006F4C69 /* MJRefreshBackStateFooter.m */ = {isa = PBXFileReference; fileEncoding = 4; lastKnownFileType = sourcecode.c.objc; path = MJRefreshBackStateFooter.m; sourceTree = "<group>"; };
		4A1DDE531D769C3E006F4C69 /* MJRefreshGifHeader.h */ = {isa = PBXFileReference; fileEncoding = 4; lastKnownFileType = sourcecode.c.h; path = MJRefreshGifHeader.h; sourceTree = "<group>"; };
		4A1DDE541D769C3E006F4C69 /* MJRefreshGifHeader.m */ = {isa = PBXFileReference; fileEncoding = 4; lastKnownFileType = sourcecode.c.objc; path = MJRefreshGifHeader.m; sourceTree = "<group>"; };
		4A1DDE551D769C3E006F4C69 /* MJRefreshNormalHeader.h */ = {isa = PBXFileReference; fileEncoding = 4; lastKnownFileType = sourcecode.c.h; path = MJRefreshNormalHeader.h; sourceTree = "<group>"; };
		4A1DDE561D769C3E006F4C69 /* MJRefreshNormalHeader.m */ = {isa = PBXFileReference; fileEncoding = 4; lastKnownFileType = sourcecode.c.objc; path = MJRefreshNormalHeader.m; sourceTree = "<group>"; };
		4A1DDE571D769C3E006F4C69 /* MJRefreshStateHeader.h */ = {isa = PBXFileReference; fileEncoding = 4; lastKnownFileType = sourcecode.c.h; path = MJRefreshStateHeader.h; sourceTree = "<group>"; };
		4A1DDE581D769C3E006F4C69 /* MJRefreshStateHeader.m */ = {isa = PBXFileReference; fileEncoding = 4; lastKnownFileType = sourcecode.c.objc; path = MJRefreshStateHeader.m; sourceTree = "<group>"; };
		4A1DDE591D769C3E006F4C69 /* MJRefresh.bundle */ = {isa = PBXFileReference; lastKnownFileType = "wrapper.plug-in"; path = MJRefresh.bundle; sourceTree = "<group>"; };
		4A1DDE5A1D769C3E006F4C69 /* MJRefresh.h */ = {isa = PBXFileReference; fileEncoding = 4; lastKnownFileType = sourcecode.c.h; path = MJRefresh.h; sourceTree = "<group>"; };
		4A1DDE5B1D769C3E006F4C69 /* MJRefreshConst.h */ = {isa = PBXFileReference; fileEncoding = 4; lastKnownFileType = sourcecode.c.h; path = MJRefreshConst.h; sourceTree = "<group>"; };
		4A1DDE5C1D769C3E006F4C69 /* MJRefreshConst.m */ = {isa = PBXFileReference; fileEncoding = 4; lastKnownFileType = sourcecode.c.objc; path = MJRefreshConst.m; sourceTree = "<group>"; };
		4A1DDE5D1D769C3E006F4C69 /* NSBundle+MJRefresh.h */ = {isa = PBXFileReference; fileEncoding = 4; lastKnownFileType = sourcecode.c.h; path = "NSBundle+MJRefresh.h"; sourceTree = "<group>"; };
		4A1DDE5E1D769C3E006F4C69 /* NSBundle+MJRefresh.m */ = {isa = PBXFileReference; fileEncoding = 4; lastKnownFileType = sourcecode.c.objc; path = "NSBundle+MJRefresh.m"; sourceTree = "<group>"; };
		4A1DDE5F1D769C3E006F4C69 /* UIScrollView+MJExtension.h */ = {isa = PBXFileReference; fileEncoding = 4; lastKnownFileType = sourcecode.c.h; path = "UIScrollView+MJExtension.h"; sourceTree = "<group>"; };
		4A1DDE601D769C3E006F4C69 /* UIScrollView+MJExtension.m */ = {isa = PBXFileReference; fileEncoding = 4; lastKnownFileType = sourcecode.c.objc; path = "UIScrollView+MJExtension.m"; sourceTree = "<group>"; };
		4A1DDE611D769C3E006F4C69 /* UIScrollView+MJRefresh.h */ = {isa = PBXFileReference; fileEncoding = 4; lastKnownFileType = sourcecode.c.h; path = "UIScrollView+MJRefresh.h"; sourceTree = "<group>"; };
		4A1DDE621D769C3E006F4C69 /* UIScrollView+MJRefresh.m */ = {isa = PBXFileReference; fileEncoding = 4; lastKnownFileType = sourcecode.c.objc; path = "UIScrollView+MJRefresh.m"; sourceTree = "<group>"; };
		4A1DDE631D769C3E006F4C69 /* UIView+MJExtension.h */ = {isa = PBXFileReference; fileEncoding = 4; lastKnownFileType = sourcecode.c.h; path = "UIView+MJExtension.h"; sourceTree = "<group>"; };
		4A1DDE641D769C3E006F4C69 /* UIView+MJExtension.m */ = {isa = PBXFileReference; fileEncoding = 4; lastKnownFileType = sourcecode.c.objc; path = "UIView+MJExtension.m"; sourceTree = "<group>"; };
		4A765C4F1D6959CE00BD42C9 /* ZJVc10Controller.h */ = {isa = PBXFileReference; fileEncoding = 4; lastKnownFileType = sourcecode.c.h; path = ZJVc10Controller.h; sourceTree = "<group>"; };
		4A765C501D6959CE00BD42C9 /* ZJVc10Controller.m */ = {isa = PBXFileReference; fileEncoding = 4; lastKnownFileType = sourcecode.c.objc; path = ZJVc10Controller.m; sourceTree = "<group>"; };
		4AAF4F0A1D24C172009F6D3F /* ZJScrollPageViewDelegate.h */ = {isa = PBXFileReference; fileEncoding = 4; lastKnownFileType = sourcecode.c.h; path = ZJScrollPageViewDelegate.h; sourceTree = "<group>"; };
		4AAF4F0D1D24D88D009F6D3F /* ZJTest1Controller.h */ = {isa = PBXFileReference; fileEncoding = 4; lastKnownFileType = sourcecode.c.h; path = ZJTest1Controller.h; sourceTree = "<group>"; };
		4AAF4F0E1D24D88D009F6D3F /* ZJTest1Controller.m */ = {isa = PBXFileReference; fileEncoding = 4; lastKnownFileType = sourcecode.c.objc; path = ZJTest1Controller.m; sourceTree = "<group>"; };
		4AC695A51EB05379007BA04C /* ZJTest2ViewController.h */ = {isa = PBXFileReference; fileEncoding = 4; lastKnownFileType = sourcecode.c.h; path = ZJTest2ViewController.h; sourceTree = "<group>"; };
		4AC695A61EB05379007BA04C /* ZJTest2ViewController.m */ = {isa = PBXFileReference; fileEncoding = 4; lastKnownFileType = sourcecode.c.objc; path = ZJTest2ViewController.m; sourceTree = "<group>"; };
		4AD142221D2CE6AD001113FC /* ZJVc0Controller.h */ = {isa = PBXFileReference; fileEncoding = 4; lastKnownFileType = sourcecode.c.h; path = ZJVc0Controller.h; sourceTree = "<group>"; };
		4AD142231D2CE6AD001113FC /* ZJVc0Controller.m */ = {isa = PBXFileReference; fileEncoding = 4; lastKnownFileType = sourcecode.c.objc; path = ZJVc0Controller.m; sourceTree = "<group>"; };
		4AD142261D2CE807001113FC /* ZJPageController.h */ = {isa = PBXFileReference; fileEncoding = 4; lastKnownFileType = sourcecode.c.h; path = ZJPageController.h; sourceTree = "<group>"; };
		4AD142271D2CE807001113FC /* ZJPageController.m */ = {isa = PBXFileReference; fileEncoding = 4; lastKnownFileType = sourcecode.c.objc; path = ZJPageController.m; sourceTree = "<group>"; };
		4AD1422C1D2E2A00001113FC /* ZJCollectionController.h */ = {isa = PBXFileReference; fileEncoding = 4; lastKnownFileType = sourcecode.c.h; path = ZJCollectionController.h; sourceTree = "<group>"; };
		4AD1422D1D2E2A00001113FC /* ZJCollectionController.m */ = {isa = PBXFileReference; fileEncoding = 4; lastKnownFileType = sourcecode.c.objc; path = ZJCollectionController.m; sourceTree = "<group>"; };
		4AD1422F1D2E33DA001113FC /* ZJTableViewController.h */ = {isa = PBXFileReference; fileEncoding = 4; lastKnownFileType = sourcecode.c.h; path = ZJTableViewController.h; sourceTree = "<group>"; };
		4AD142301D2E33DA001113FC /* ZJTableViewController.m */ = {isa = PBXFileReference; fileEncoding = 4; lastKnownFileType = sourcecode.c.objc; path = ZJTableViewController.m; sourceTree = "<group>"; };
		4ADF6D881DBDACE1008D207B /* ZJCollectionView.h */ = {isa = PBXFileReference; fileEncoding = 4; lastKnownFileType = sourcecode.c.h; path = ZJCollectionView.h; sourceTree = "<group>"; };
		4ADF6D891DBDACE1008D207B /* ZJCollectionView.m */ = {isa = PBXFileReference; fileEncoding = 4; lastKnownFileType = sourcecode.c.objc; path = ZJCollectionView.m; sourceTree = "<group>"; };
		4B0C062C1CDC55080079E8F3 /* ZJScrollPageView.app */ = {isa = PBXFileReference; explicitFileType = wrapper.application; includeInIndex = 0; path = ZJScrollPageView.app; sourceTree = BUILT_PRODUCTS_DIR; };
		4B0C06301CDC55080079E8F3 /* main.m */ = {isa = PBXFileReference; lastKnownFileType = sourcecode.c.objc; path = main.m; sourceTree = "<group>"; };
		4B0C06321CDC55080079E8F3 /* AppDelegate.h */ = {isa = PBXFileReference; lastKnownFileType = sourcecode.c.h; path = AppDelegate.h; sourceTree = "<group>"; };
		4B0C06331CDC55080079E8F3 /* AppDelegate.m */ = {isa = PBXFileReference; lastKnownFileType = sourcecode.c.objc; path = AppDelegate.m; sourceTree = "<group>"; };
		4B0C06351CDC55080079E8F3 /* ViewController.h */ = {isa = PBXFileReference; lastKnownFileType = sourcecode.c.h; path = ViewController.h; sourceTree = "<group>"; };
		4B0C06361CDC55080079E8F3 /* ViewController.m */ = {isa = PBXFileReference; lastKnownFileType = sourcecode.c.objc; path = ViewController.m; sourceTree = "<group>"; };
		4B0C063B1CDC55080079E8F3 /* Assets.xcassets */ = {isa = PBXFileReference; lastKnownFileType = folder.assetcatalog; path = Assets.xcassets; sourceTree = "<group>"; };
		4B0C063E1CDC55080079E8F3 /* Base */ = {isa = PBXFileReference; lastKnownFileType = file.storyboard; name = Base; path = Base.lproj/LaunchScreen.storyboard; sourceTree = "<group>"; };
		4B0C06401CDC55080079E8F3 /* Info.plist */ = {isa = PBXFileReference; lastKnownFileType = text.plist.xml; path = Info.plist; sourceTree = "<group>"; };
		4B0C06451CDC55080079E8F3 /* ZJScrollPageViewTests.xctest */ = {isa = PBXFileReference; explicitFileType = wrapper.cfbundle; includeInIndex = 0; path = ZJScrollPageViewTests.xctest; sourceTree = BUILT_PRODUCTS_DIR; };
		4B0C06491CDC55080079E8F3 /* ZJScrollPageViewTests.m */ = {isa = PBXFileReference; lastKnownFileType = sourcecode.c.objc; path = ZJScrollPageViewTests.m; sourceTree = "<group>"; };
		4B0C064B1CDC55080079E8F3 /* Info.plist */ = {isa = PBXFileReference; lastKnownFileType = text.plist.xml; path = Info.plist; sourceTree = "<group>"; };
		4B0C06501CDC55080079E8F3 /* ZJScrollPageViewUITests.xctest */ = {isa = PBXFileReference; explicitFileType = wrapper.cfbundle; includeInIndex = 0; path = ZJScrollPageViewUITests.xctest; sourceTree = BUILT_PRODUCTS_DIR; };
		4B0C06541CDC55080079E8F3 /* ZJScrollPageViewUITests.m */ = {isa = PBXFileReference; lastKnownFileType = sourcecode.c.objc; path = ZJScrollPageViewUITests.m; sourceTree = "<group>"; };
		4B0C06561CDC55080079E8F3 /* Info.plist */ = {isa = PBXFileReference; lastKnownFileType = text.plist.xml; path = Info.plist; sourceTree = "<group>"; };
		4B56CB9D1D06E1E900D58BFA /* UIViewController+ZJScrollPageController.h */ = {isa = PBXFileReference; fileEncoding = 4; lastKnownFileType = sourcecode.c.h; path = "UIViewController+ZJScrollPageController.h"; sourceTree = "<group>"; };
		4B56CB9E1D06E1E900D58BFA /* UIViewController+ZJScrollPageController.m */ = {isa = PBXFileReference; fileEncoding = 4; lastKnownFileType = sourcecode.c.objc; path = "UIViewController+ZJScrollPageController.m"; sourceTree = "<group>"; };
		4B7429C41CDD9ACB009CC9B2 /* Main.storyboard */ = {isa = PBXFileReference; fileEncoding = 4; lastKnownFileType = file.storyboard; path = Main.storyboard; sourceTree = "<group>"; };
		4B7429CF1CDD9C16009CC9B2 /* UIView+ZJFrame.h */ = {isa = PBXFileReference; fileEncoding = 4; lastKnownFileType = sourcecode.c.h; path = "UIView+ZJFrame.h"; sourceTree = "<group>"; };
		4B7429D01CDD9C16009CC9B2 /* UIView+ZJFrame.m */ = {isa = PBXFileReference; fileEncoding = 4; lastKnownFileType = sourcecode.c.objc; path = "UIView+ZJFrame.m"; sourceTree = "<group>"; };
		4B7429D11CDD9C16009CC9B2 /* ZJContentView.h */ = {isa = PBXFileReference; fileEncoding = 4; lastKnownFileType = sourcecode.c.h; path = ZJContentView.h; sourceTree = "<group>"; };
		4B7429D21CDD9C16009CC9B2 /* ZJContentView.m */ = {isa = PBXFileReference; fileEncoding = 4; lastKnownFileType = sourcecode.c.objc; path = ZJContentView.m; sourceTree = "<group>"; };
		4B7429D31CDD9C16009CC9B2 /* ZJTitleView.h */ = {isa = PBXFileReference; fileEncoding = 4; lastKnownFileType = sourcecode.c.h; path = ZJTitleView.h; sourceTree = "<group>"; };
		4B7429D41CDD9C16009CC9B2 /* ZJTitleView.m */ = {isa = PBXFileReference; fileEncoding = 4; lastKnownFileType = sourcecode.c.objc; path = ZJTitleView.m; sourceTree = "<group>"; };
		4B7429D51CDD9C16009CC9B2 /* ZJScrollPageView.h */ = {isa = PBXFileReference; fileEncoding = 4; lastKnownFileType = sourcecode.c.h; path = ZJScrollPageView.h; sourceTree = "<group>"; };
		4B7429D61CDD9C16009CC9B2 /* ZJScrollPageView.m */ = {isa = PBXFileReference; fileEncoding = 4; lastKnownFileType = sourcecode.c.objc; path = ZJScrollPageView.m; sourceTree = "<group>"; };
		4B7429D71CDD9C16009CC9B2 /* ZJScrollSegmentView.h */ = {isa = PBXFileReference; fileEncoding = 4; lastKnownFileType = sourcecode.c.h; path = ZJScrollSegmentView.h; sourceTree = "<group>"; };
		4B7429D81CDD9C16009CC9B2 /* ZJScrollSegmentView.m */ = {isa = PBXFileReference; fileEncoding = 4; lastKnownFileType = sourcecode.c.objc; path = ZJScrollSegmentView.m; sourceTree = "<group>"; };
		4B7429D91CDD9C16009CC9B2 /* ZJSegmentStyle.h */ = {isa = PBXFileReference; fileEncoding = 4; lastKnownFileType = sourcecode.c.h; path = ZJSegmentStyle.h; sourceTree = "<group>"; };
		4B7429DA1CDD9C16009CC9B2 /* ZJSegmentStyle.m */ = {isa = PBXFileReference; fileEncoding = 4; lastKnownFileType = sourcecode.c.objc; path = ZJSegmentStyle.m; sourceTree = "<group>"; };
		4B7429E11CDD9F1B009CC9B2 /* ZJVc2Controller.h */ = {isa = PBXFileReference; fileEncoding = 4; lastKnownFileType = sourcecode.c.h; name = ZJVc2Controller.h; path = "../遮盖+颜色渐变 效果/ZJVc2Controller.h"; sourceTree = "<group>"; };
		4B7429E21CDD9F1B009CC9B2 /* ZJVc2Controller.m */ = {isa = PBXFileReference; fileEncoding = 4; lastKnownFileType = sourcecode.c.objc; name = ZJVc2Controller.m; path = "../遮盖+颜色渐变 效果/ZJVc2Controller.m"; sourceTree = "<group>"; };
		4B7429E41CDDB3E4009CC9B2 /* ZJVc1Controller.h */ = {isa = PBXFileReference; fileEncoding = 4; lastKnownFileType = sourcecode.c.h; name = ZJVc1Controller.h; path = "../缩放+颜色渐变 效果/ZJVc1Controller.h"; sourceTree = "<group>"; };
		4B7429E51CDDB3E4009CC9B2 /* ZJVc1Controller.m */ = {isa = PBXFileReference; fileEncoding = 4; lastKnownFileType = sourcecode.c.objc; name = ZJVc1Controller.m; path = "../缩放+颜色渐变 效果/ZJVc1Controller.m"; sourceTree = "<group>"; };
		4B7429E71CDDCE18009CC9B2 /* ZJVc4Controller.h */ = {isa = PBXFileReference; fileEncoding = 4; lastKnownFileType = sourcecode.c.h; path = ZJVc4Controller.h; sourceTree = "<group>"; };
		4B7429E81CDDCE18009CC9B2 /* ZJVc4Controller.m */ = {isa = PBXFileReference; fileEncoding = 4; lastKnownFileType = sourcecode.c.objc; path = ZJVc4Controller.m; sourceTree = "<group>"; };
		4B7429EA1CDDCE29009CC9B2 /* ZJVc3Controller.h */ = {isa = PBXFileReference; fileEncoding = 4; lastKnownFileType = sourcecode.c.h; path = ZJVc3Controller.h; sourceTree = "<group>"; };
		4B7429EB1CDDCE29009CC9B2 /* ZJVc3Controller.m */ = {isa = PBXFileReference; fileEncoding = 4; lastKnownFileType = sourcecode.c.objc; path = ZJVc3Controller.m; sourceTree = "<group>"; };
		4B7429ED1CDDCECD009CC9B2 /* ZJVc6Controller.h */ = {isa = PBXFileReference; fileEncoding = 4; lastKnownFileType = sourcecode.c.h; path = ZJVc6Controller.h; sourceTree = "<group>"; };
		4B7429EE1CDDCECD009CC9B2 /* ZJVc6Controller.m */ = {isa = PBXFileReference; fileEncoding = 4; lastKnownFileType = sourcecode.c.objc; path = ZJVc6Controller.m; sourceTree = "<group>"; };
		4B7429F01CDDD409009CC9B2 /* ZJVc5Controller.h */ = {isa = PBXFileReference; fileEncoding = 4; lastKnownFileType = sourcecode.c.h; path = ZJVc5Controller.h; sourceTree = "<group>"; };
		4B7429F11CDDD409009CC9B2 /* ZJVc5Controller.m */ = {isa = PBXFileReference; fileEncoding = 4; lastKnownFileType = sourcecode.c.objc; path = ZJVc5Controller.m; sourceTree = "<group>"; };
		4B7429F31CDDD4DA009CC9B2 /* ZJVc7Controller.h */ = {isa = PBXFileReference; fileEncoding = 4; lastKnownFileType = sourcecode.c.h; path = ZJVc7Controller.h; sourceTree = "<group>"; };
		4B7429F41CDDD4DA009CC9B2 /* ZJVc7Controller.m */ = {isa = PBXFileReference; fileEncoding = 4; lastKnownFileType = sourcecode.c.objc; path = ZJVc7Controller.m; sourceTree = "<group>"; };
		4B7429F61CDDDC35009CC9B2 /* ZJTestViewController.h */ = {isa = PBXFileReference; fileEncoding = 4; lastKnownFileType = sourcecode.c.h; path = ZJTestViewController.h; sourceTree = "<group>"; };
		4B7429F71CDDDC35009CC9B2 /* ZJTestViewController.m */ = {isa = PBXFileReference; fileEncoding = 4; lastKnownFileType = sourcecode.c.objc; path = ZJTestViewController.m; sourceTree = "<group>"; };
		4B7429FA1CDDE1E5009CC9B2 /* ZJVc8Controller.h */ = {isa = PBXFileReference; fileEncoding = 4; lastKnownFileType = sourcecode.c.h; path = ZJVc8Controller.h; sourceTree = "<group>"; };
		4B7429FB1CDDE1E5009CC9B2 /* ZJVc8Controller.m */ = {isa = PBXFileReference; fileEncoding = 4; lastKnownFileType = sourcecode.c.objc; path = ZJVc8Controller.m; sourceTree = "<group>"; };
/* End PBXFileReference section */

/* Begin PBXFrameworksBuildPhase section */
		4B0C06291CDC55080079E8F3 /* Frameworks */ = {
			isa = PBXFrameworksBuildPhase;
			buildActionMask = 2147483647;
			files = (
			);
			runOnlyForDeploymentPostprocessing = 0;
		};
		4B0C06421CDC55080079E8F3 /* Frameworks */ = {
			isa = PBXFrameworksBuildPhase;
			buildActionMask = 2147483647;
			files = (
			);
			runOnlyForDeploymentPostprocessing = 0;
		};
		4B0C064D1CDC55080079E8F3 /* Frameworks */ = {
			isa = PBXFrameworksBuildPhase;
			buildActionMask = 2147483647;
			files = (
			);
			runOnlyForDeploymentPostprocessing = 0;
		};
/* End PBXFrameworksBuildPhase section */

/* Begin PBXGroup section */
		4A1DDE221D7677D4006F4C69 /* 之前的方法 已废弃 */ = {
			isa = PBXGroup;
			children = (
				4AD142221D2CE6AD001113FC /* ZJVc0Controller.h */,
				4AD142231D2CE6AD001113FC /* ZJVc0Controller.m */,
				4AD142261D2CE807001113FC /* ZJPageController.h */,
				4AD142271D2CE807001113FC /* ZJPageController.m */,
				4AD1422C1D2E2A00001113FC /* ZJCollectionController.h */,
				4AD1422D1D2E2A00001113FC /* ZJCollectionController.m */,
				4AD1422F1D2E33DA001113FC /* ZJTableViewController.h */,
				4AD142301D2E33DA001113FC /* ZJTableViewController.m */,
			);
			name = "之前的方法 已废弃";
			sourceTree = "<group>";
		};
		4A1DDE231D7677F2006F4C69 /* 现在用的方法 */ = {
			isa = PBXGroup;
			children = (
				4A1DDE191D76762E006F4C69 /* ZJVc9Controller.h */,
				4A1DDE1A1D76762E006F4C69 /* ZJVc9Controller.m */,
				4A1DDE1C1D7677B6006F4C69 /* ZJPageCollectionViewController.h */,
				4A1DDE1D1D7677B6006F4C69 /* ZJPageCollectionViewController.m */,
				4A1DDE1F1D7677C6006F4C69 /* ZJPageTableViewController.h */,
				4A1DDE201D7677C6006F4C69 /* ZJPageTableViewController.m */,
				4A1DDE241D767859006F4C69 /* ZJPageViewController.h */,
				4A1DDE251D767859006F4C69 /* ZJPageViewController.m */,
			);
			name = "现在用的方法";
			sourceTree = "<group>";
		};
		4A1DDE361D769C3D006F4C69 /* MJRefresh */ = {
			isa = PBXGroup;
			children = (
				4A1DDE371D769C3D006F4C69 /* Base */,
				4A1DDE421D769C3E006F4C69 /* Custom */,
				4A1DDE591D769C3E006F4C69 /* MJRefresh.bundle */,
				4A1DDE5A1D769C3E006F4C69 /* MJRefresh.h */,
				4A1DDE5B1D769C3E006F4C69 /* MJRefreshConst.h */,
				4A1DDE5C1D769C3E006F4C69 /* MJRefreshConst.m */,
				4A1DDE5D1D769C3E006F4C69 /* NSBundle+MJRefresh.h */,
				4A1DDE5E1D769C3E006F4C69 /* NSBundle+MJRefresh.m */,
				4A1DDE5F1D769C3E006F4C69 /* UIScrollView+MJExtension.h */,
				4A1DDE601D769C3E006F4C69 /* UIScrollView+MJExtension.m */,
				4A1DDE611D769C3E006F4C69 /* UIScrollView+MJRefresh.h */,
				4A1DDE621D769C3E006F4C69 /* UIScrollView+MJRefresh.m */,
				4A1DDE631D769C3E006F4C69 /* UIView+MJExtension.h */,
				4A1DDE641D769C3E006F4C69 /* UIView+MJExtension.m */,
			);
			path = MJRefresh;
			sourceTree = "<group>";
		};
		4A1DDE371D769C3D006F4C69 /* Base */ = {
			isa = PBXGroup;
			children = (
				4A1DDE381D769C3D006F4C69 /* MJRefreshAutoFooter.h */,
				4A1DDE391D769C3D006F4C69 /* MJRefreshAutoFooter.m */,
				4A1DDE3A1D769C3D006F4C69 /* MJRefreshBackFooter.h */,
				4A1DDE3B1D769C3D006F4C69 /* MJRefreshBackFooter.m */,
				4A1DDE3C1D769C3E006F4C69 /* MJRefreshComponent.h */,
				4A1DDE3D1D769C3E006F4C69 /* MJRefreshComponent.m */,
				4A1DDE3E1D769C3E006F4C69 /* MJRefreshFooter.h */,
				4A1DDE3F1D769C3E006F4C69 /* MJRefreshFooter.m */,
				4A1DDE401D769C3E006F4C69 /* MJRefreshHeader.h */,
				4A1DDE411D769C3E006F4C69 /* MJRefreshHeader.m */,
			);
			path = Base;
			sourceTree = "<group>";
		};
		4A1DDE421D769C3E006F4C69 /* Custom */ = {
			isa = PBXGroup;
			children = (
				4A1DDE431D769C3E006F4C69 /* Footer */,
				4A1DDE521D769C3E006F4C69 /* Header */,
			);
			path = Custom;
			sourceTree = "<group>";
		};
		4A1DDE431D769C3E006F4C69 /* Footer */ = {
			isa = PBXGroup;
			children = (
				4A1DDE441D769C3E006F4C69 /* Auto */,
				4A1DDE4B1D769C3E006F4C69 /* Back */,
			);
			path = Footer;
			sourceTree = "<group>";
		};
		4A1DDE441D769C3E006F4C69 /* Auto */ = {
			isa = PBXGroup;
			children = (
				4A1DDE451D769C3E006F4C69 /* MJRefreshAutoGifFooter.h */,
				4A1DDE461D769C3E006F4C69 /* MJRefreshAutoGifFooter.m */,
				4A1DDE471D769C3E006F4C69 /* MJRefreshAutoNormalFooter.h */,
				4A1DDE481D769C3E006F4C69 /* MJRefreshAutoNormalFooter.m */,
				4A1DDE491D769C3E006F4C69 /* MJRefreshAutoStateFooter.h */,
				4A1DDE4A1D769C3E006F4C69 /* MJRefreshAutoStateFooter.m */,
			);
			path = Auto;
			sourceTree = "<group>";
		};
		4A1DDE4B1D769C3E006F4C69 /* Back */ = {
			isa = PBXGroup;
			children = (
				4A1DDE4C1D769C3E006F4C69 /* MJRefreshBackGifFooter.h */,
				4A1DDE4D1D769C3E006F4C69 /* MJRefreshBackGifFooter.m */,
				4A1DDE4E1D769C3E006F4C69 /* MJRefreshBackNormalFooter.h */,
				4A1DDE4F1D769C3E006F4C69 /* MJRefreshBackNormalFooter.m */,
				4A1DDE501D769C3E006F4C69 /* MJRefreshBackStateFooter.h */,
				4A1DDE511D769C3E006F4C69 /* MJRefreshBackStateFooter.m */,
			);
			path = Back;
			sourceTree = "<group>";
		};
		4A1DDE521D769C3E006F4C69 /* Header */ = {
			isa = PBXGroup;
			children = (
				4A1DDE531D769C3E006F4C69 /* MJRefreshGifHeader.h */,
				4A1DDE541D769C3E006F4C69 /* MJRefreshGifHeader.m */,
				4A1DDE551D769C3E006F4C69 /* MJRefreshNormalHeader.h */,
				4A1DDE561D769C3E006F4C69 /* MJRefreshNormalHeader.m */,
				4A1DDE571D769C3E006F4C69 /* MJRefreshStateHeader.h */,
				4A1DDE581D769C3E006F4C69 /* MJRefreshStateHeader.m */,
			);
			path = Header;
			sourceTree = "<group>";
		};
		4A765C4E1D6959B100BD42C9 /* 显示图片的效果 */ = {
			isa = PBXGroup;
			children = (
				4A765C4F1D6959CE00BD42C9 /* ZJVc10Controller.h */,
				4A765C501D6959CE00BD42C9 /* ZJVc10Controller.m */,
			);
			path = "显示图片的效果";
			sourceTree = "<group>";
		};
		4AD142251D2CE6BC001113FC /* 微博&简书个人主页效果 */ = {
			isa = PBXGroup;
			children = (
				4A1DDE221D7677D4006F4C69 /* 之前的方法 已废弃 */,
				4A1DDE231D7677F2006F4C69 /* 现在用的方法 */,
			);
			name = "微博&简书个人主页效果";
			path = ..;
			sourceTree = "<group>";
		};
		4B0C06231CDC55080079E8F3 = {
			isa = PBXGroup;
			children = (
				4B0C062E1CDC55080079E8F3 /* ZJScrollPageView */,
				4B0C06481CDC55080079E8F3 /* ZJScrollPageViewTests */,
				4B0C06531CDC55080079E8F3 /* ZJScrollPageViewUITests */,
				4B0C062D1CDC55080079E8F3 /* Products */,
			);
			sourceTree = "<group>";
		};
		4B0C062D1CDC55080079E8F3 /* Products */ = {
			isa = PBXGroup;
			children = (
				4B0C062C1CDC55080079E8F3 /* ZJScrollPageView.app */,
				4B0C06451CDC55080079E8F3 /* ZJScrollPageViewTests.xctest */,
				4B0C06501CDC55080079E8F3 /* ZJScrollPageViewUITests.xctest */,
			);
			name = Products;
			sourceTree = "<group>";
		};
		4B0C062E1CDC55080079E8F3 /* ZJScrollPageView */ = {
			isa = PBXGroup;
			children = (
				4B7429CE1CDD9C16009CC9B2 /* ZJScrollPageView */,
				4B7429C61CDD9C0D009CC9B2 /* 使用示例 */,
				4B0C06321CDC55080079E8F3 /* AppDelegate.h */,
				4B0C06331CDC55080079E8F3 /* AppDelegate.m */,
				4B0C06351CDC55080079E8F3 /* ViewController.h */,
				4B0C06361CDC55080079E8F3 /* ViewController.m */,
				4B7429F61CDDDC35009CC9B2 /* ZJTestViewController.h */,
				4B7429F71CDDDC35009CC9B2 /* ZJTestViewController.m */,
				4AAF4F0D1D24D88D009F6D3F /* ZJTest1Controller.h */,
				4AAF4F0E1D24D88D009F6D3F /* ZJTest1Controller.m */,
				4AC695A51EB05379007BA04C /* ZJTest2ViewController.h */,
				4AC695A61EB05379007BA04C /* ZJTest2ViewController.m */,
				4A1DDE361D769C3D006F4C69 /* MJRefresh */,
				4B7429C41CDD9ACB009CC9B2 /* Main.storyboard */,
				4B0C063B1CDC55080079E8F3 /* Assets.xcassets */,
				4B0C063D1CDC55080079E8F3 /* LaunchScreen.storyboard */,
				4B0C06401CDC55080079E8F3 /* Info.plist */,
				4B0C062F1CDC55080079E8F3 /* Supporting Files */,
			);
			path = ZJScrollPageView;
			sourceTree = "<group>";
		};
		4B0C062F1CDC55080079E8F3 /* Supporting Files */ = {
			isa = PBXGroup;
			children = (
				4B0C06301CDC55080079E8F3 /* main.m */,
			);
			name = "Supporting Files";
			sourceTree = "<group>";
		};
		4B0C06481CDC55080079E8F3 /* ZJScrollPageViewTests */ = {
			isa = PBXGroup;
			children = (
				4B0C06491CDC55080079E8F3 /* ZJScrollPageViewTests.m */,
				4B0C064B1CDC55080079E8F3 /* Info.plist */,
			);
			path = ZJScrollPageViewTests;
			sourceTree = "<group>";
		};
		4B0C06531CDC55080079E8F3 /* ZJScrollPageViewUITests */ = {
			isa = PBXGroup;
			children = (
				4B0C06541CDC55080079E8F3 /* ZJScrollPageViewUITests.m */,
				4B0C06561CDC55080079E8F3 /* Info.plist */,
			);
			path = ZJScrollPageViewUITests;
			sourceTree = "<group>";
		};
		4B7429C61CDD9C0D009CC9B2 /* 使用示例 */ = {
			isa = PBXGroup;
			children = (
				4B7429CD1CDD9C0D009CC9B2 /* 遮盖+颜色渐变+segmentView没有弹性 效果 */,
				4B7429CA1CDD9C0D009CC9B2 /* 缩放+颜色渐变 效果 */,
				4B7429C91CDD9C0D009CC9B2 /* 滚动条+颜色渐变 效果 */,
				4B7429CC1CDD9C0D009CC9B2 /* 遮盖+缩放+没有颜色渐变 效果 */,
				4B7429C81CDD9C0D009CC9B2 /* 标题不滚动+遮盖+颜色渐变 效果 */,
				4B7429CB1CDD9C0D009CC9B2 /* 自定义segmentView和contentView位置的效果) */,
				4B7429C71CDD9C0D009CC9B2 /* 动态更改显示内容和标题 效果 */,
				4B7429F91CDDE1B9009CC9B2 /* 更改选中的下标的效果 */,
				4AD142251D2CE6BC001113FC /* 微博&简书个人主页效果 */,
				4A765C4E1D6959B100BD42C9 /* 显示图片的效果 */,
			);
			path = "使用示例";
			sourceTree = "<group>";
		};
		4B7429C71CDD9C0D009CC9B2 /* 动态更改显示内容和标题 效果 */ = {
			isa = PBXGroup;
			children = (
				4B7429F31CDDD4DA009CC9B2 /* ZJVc7Controller.h */,
				4B7429F41CDDD4DA009CC9B2 /* ZJVc7Controller.m */,
			);
			name = "动态更改显示内容和标题 效果";
			path = "可以在初始化或者返回页面的时候设置当前页为其他页";
			sourceTree = "<group>";
		};
		4B7429C81CDD9C0D009CC9B2 /* 标题不滚动+遮盖+颜色渐变 效果 */ = {
			isa = PBXGroup;
			children = (
				4B7429F01CDDD409009CC9B2 /* ZJVc5Controller.h */,
				4B7429F11CDDD409009CC9B2 /* ZJVc5Controller.m */,
			);
			path = "标题不滚动+遮盖+颜色渐变 效果";
			sourceTree = "<group>";
		};
		4B7429C91CDD9C0D009CC9B2 /* 滚动条+颜色渐变 效果 */ = {
			isa = PBXGroup;
			children = (
				4B7429EA1CDDCE29009CC9B2 /* ZJVc3Controller.h */,
				4B7429EB1CDDCE29009CC9B2 /* ZJVc3Controller.m */,
			);
			path = "滚动条+颜色渐变 效果";
			sourceTree = "<group>";
		};
		4B7429CA1CDD9C0D009CC9B2 /* 缩放+颜色渐变 效果 */ = {
			isa = PBXGroup;
			children = (
				4B7429E11CDD9F1B009CC9B2 /* ZJVc2Controller.h */,
				4B7429E21CDD9F1B009CC9B2 /* ZJVc2Controller.m */,
			);
			path = "缩放+颜色渐变 效果";
			sourceTree = "<group>";
		};
		4B7429CB1CDD9C0D009CC9B2 /* 自定义segmentView和contentView位置的效果) */ = {
			isa = PBXGroup;
			children = (
				4B7429ED1CDDCECD009CC9B2 /* ZJVc6Controller.h */,
				4B7429EE1CDDCECD009CC9B2 /* ZJVc6Controller.m */,
			);
			path = "自定义segmentView和contentView位置的效果)";
			sourceTree = "<group>";
		};
		4B7429CC1CDD9C0D009CC9B2 /* 遮盖+缩放+没有颜色渐变 效果 */ = {
			isa = PBXGroup;
			children = (
				4B7429E71CDDCE18009CC9B2 /* ZJVc4Controller.h */,
				4B7429E81CDDCE18009CC9B2 /* ZJVc4Controller.m */,
			);
			path = "遮盖+缩放+没有颜色渐变 效果";
			sourceTree = "<group>";
		};
		4B7429CD1CDD9C0D009CC9B2 /* 遮盖+颜色渐变+segmentView没有弹性 效果 */ = {
			isa = PBXGroup;
			children = (
				4B7429E41CDDB3E4009CC9B2 /* ZJVc1Controller.h */,
				4B7429E51CDDB3E4009CC9B2 /* ZJVc1Controller.m */,
			);
			name = "遮盖+颜色渐变+segmentView没有弹性 效果";
			path = "遮盖+颜色渐变 效果";
			sourceTree = "<group>";
		};
		4B7429CE1CDD9C16009CC9B2 /* ZJScrollPageView */ = {
			isa = PBXGroup;
			children = (
				4B7429CF1CDD9C16009CC9B2 /* UIView+ZJFrame.h */,
				4B7429D01CDD9C16009CC9B2 /* UIView+ZJFrame.m */,
				4B56CB9D1D06E1E900D58BFA /* UIViewController+ZJScrollPageController.h */,
				4B56CB9E1D06E1E900D58BFA /* UIViewController+ZJScrollPageController.m */,
				4B7429D11CDD9C16009CC9B2 /* ZJContentView.h */,
				4B7429D21CDD9C16009CC9B2 /* ZJContentView.m */,
				4ADF6D881DBDACE1008D207B /* ZJCollectionView.h */,
				4ADF6D891DBDACE1008D207B /* ZJCollectionView.m */,
				4B7429D31CDD9C16009CC9B2 /* ZJTitleView.h */,
				4B7429D41CDD9C16009CC9B2 /* ZJTitleView.m */,
				4B7429D51CDD9C16009CC9B2 /* ZJScrollPageView.h */,
				4B7429D61CDD9C16009CC9B2 /* ZJScrollPageView.m */,
				4B7429D71CDD9C16009CC9B2 /* ZJScrollSegmentView.h */,
				4B7429D81CDD9C16009CC9B2 /* ZJScrollSegmentView.m */,
				4B7429D91CDD9C16009CC9B2 /* ZJSegmentStyle.h */,
				4B7429DA1CDD9C16009CC9B2 /* ZJSegmentStyle.m */,
				4AAF4F0A1D24C172009F6D3F /* ZJScrollPageViewDelegate.h */,
			);
			path = ZJScrollPageView;
			sourceTree = "<group>";
		};
		4B7429F91CDDE1B9009CC9B2 /* 更改选中的下标的效果 */ = {
			isa = PBXGroup;
			children = (
				4B7429FA1CDDE1E5009CC9B2 /* ZJVc8Controller.h */,
				4B7429FB1CDDE1E5009CC9B2 /* ZJVc8Controller.m */,
			);
			path = "更改选中的下标的效果";
			sourceTree = "<group>";
		};
/* End PBXGroup section */

/* Begin PBXNativeTarget section */
		4B0C062B1CDC55080079E8F3 /* ZJScrollPageView */ = {
			isa = PBXNativeTarget;
			buildConfigurationList = 4B0C06591CDC55080079E8F3 /* Build configuration list for PBXNativeTarget "ZJScrollPageView" */;
			buildPhases = (
				4B0C06281CDC55080079E8F3 /* Sources */,
				4B0C06291CDC55080079E8F3 /* Frameworks */,
				4B0C062A1CDC55080079E8F3 /* Resources */,
			);
			buildRules = (
			);
			dependencies = (
			);
			name = ZJScrollPageView;
			productName = ZJScrollPageView;
			productReference = 4B0C062C1CDC55080079E8F3 /* ZJScrollPageView.app */;
			productType = "com.apple.product-type.application";
		};
		4B0C06441CDC55080079E8F3 /* ZJScrollPageViewTests */ = {
			isa = PBXNativeTarget;
			buildConfigurationList = 4B0C065C1CDC55080079E8F3 /* Build configuration list for PBXNativeTarget "ZJScrollPageViewTests" */;
			buildPhases = (
				4B0C06411CDC55080079E8F3 /* Sources */,
				4B0C06421CDC55080079E8F3 /* Frameworks */,
				4B0C06431CDC55080079E8F3 /* Resources */,
			);
			buildRules = (
			);
			dependencies = (
				4B0C06471CDC55080079E8F3 /* PBXTargetDependency */,
			);
			name = ZJScrollPageViewTests;
			productName = ZJScrollPageViewTests;
			productReference = 4B0C06451CDC55080079E8F3 /* ZJScrollPageViewTests.xctest */;
			productType = "com.apple.product-type.bundle.unit-test";
		};
		4B0C064F1CDC55080079E8F3 /* ZJScrollPageViewUITests */ = {
			isa = PBXNativeTarget;
			buildConfigurationList = 4B0C065F1CDC55080079E8F3 /* Build configuration list for PBXNativeTarget "ZJScrollPageViewUITests" */;
			buildPhases = (
				4B0C064C1CDC55080079E8F3 /* Sources */,
				4B0C064D1CDC55080079E8F3 /* Frameworks */,
				4B0C064E1CDC55080079E8F3 /* Resources */,
			);
			buildRules = (
			);
			dependencies = (
				4B0C06521CDC55080079E8F3 /* PBXTargetDependency */,
			);
			name = ZJScrollPageViewUITests;
			productName = ZJScrollPageViewUITests;
			productReference = 4B0C06501CDC55080079E8F3 /* ZJScrollPageViewUITests.xctest */;
			productType = "com.apple.product-type.bundle.ui-testing";
		};
/* End PBXNativeTarget section */

/* Begin PBXProject section */
		4B0C06241CDC55080079E8F3 /* Project object */ = {
			isa = PBXProject;
			attributes = {
				LastUpgradeCheck = 0730;
				ORGANIZATIONNAME = ZeroJ;
				TargetAttributes = {
					4B0C062B1CDC55080079E8F3 = {
						CreatedOnToolsVersion = 7.3;
						DevelopmentTeam = 9G8PCT5S2D;
						DevelopmentTeamName = "晶 曾 (Personal Team)";
					};
					4B0C06441CDC55080079E8F3 = {
						CreatedOnToolsVersion = 7.3;
						TestTargetID = 4B0C062B1CDC55080079E8F3;
					};
					4B0C064F1CDC55080079E8F3 = {
						CreatedOnToolsVersion = 7.3;
						TestTargetID = 4B0C062B1CDC55080079E8F3;
					};
				};
			};
			buildConfigurationList = 4B0C06271CDC55080079E8F3 /* Build configuration list for PBXProject "ZJScrollPageView" */;
			compatibilityVersion = "Xcode 3.2";
			developmentRegion = English;
			hasScannedForEncodings = 0;
			knownRegions = (
				en,
				Base,
			);
			mainGroup = 4B0C06231CDC55080079E8F3;
			productRefGroup = 4B0C062D1CDC55080079E8F3 /* Products */;
			projectDirPath = "";
			projectRoot = "";
			targets = (
				4B0C062B1CDC55080079E8F3 /* ZJScrollPageView */,
				4B0C06441CDC55080079E8F3 /* ZJScrollPageViewTests */,
				4B0C064F1CDC55080079E8F3 /* ZJScrollPageViewUITests */,
			);
		};
/* End PBXProject section */

/* Begin PBXResourcesBuildPhase section */
		4B0C062A1CDC55080079E8F3 /* Resources */ = {
			isa = PBXResourcesBuildPhase;
			buildActionMask = 2147483647;
			files = (
				4B7429C51CDD9ACB009CC9B2 /* Main.storyboard in Resources */,
				4B0C063F1CDC55080079E8F3 /* LaunchScreen.storyboard in Resources */,
				4A1DDE731D769C3E006F4C69 /* MJRefresh.bundle in Resources */,
				4B0C063C1CDC55080079E8F3 /* Assets.xcassets in Resources */,
			);
			runOnlyForDeploymentPostprocessing = 0;
		};
		4B0C06431CDC55080079E8F3 /* Resources */ = {
			isa = PBXResourcesBuildPhase;
			buildActionMask = 2147483647;
			files = (
			);
			runOnlyForDeploymentPostprocessing = 0;
		};
		4B0C064E1CDC55080079E8F3 /* Resources */ = {
			isa = PBXResourcesBuildPhase;
			buildActionMask = 2147483647;
			files = (
			);
			runOnlyForDeploymentPostprocessing = 0;
		};
/* End PBXResourcesBuildPhase section */

/* Begin PBXSourcesBuildPhase section */
		4B0C06281CDC55080079E8F3 /* Sources */ = {
			isa = PBXSourcesBuildPhase;
			buildActionMask = 2147483647;
			files = (
				4B7429E31CDD9F1B009CC9B2 /* ZJVc2Controller.m in Sources */,
				4B56CB9F1D06E1E900D58BFA /* UIViewController+ZJScrollPageController.m in Sources */,
				4A1DDE661D769C3E006F4C69 /* MJRefreshBackFooter.m in Sources */,
				4ADF6D8A1DBDACE1008D207B /* ZJCollectionView.m in Sources */,
				4A1DDE1B1D76762E006F4C69 /* ZJVc9Controller.m in Sources */,
				4B7429EF1CDDCECD009CC9B2 /* ZJVc6Controller.m in Sources */,
				4A1DDE6B1D769C3E006F4C69 /* MJRefreshAutoNormalFooter.m in Sources */,
				4B7429E91CDDCE18009CC9B2 /* ZJVc4Controller.m in Sources */,
				4A1DDE781D769C3E006F4C69 /* UIView+MJExtension.m in Sources */,
				4B7429DE1CDD9C16009CC9B2 /* ZJScrollPageView.m in Sources */,
				4A1DDE741D769C3E006F4C69 /* MJRefreshConst.m in Sources */,
				4A1DDE6C1D769C3E006F4C69 /* MJRefreshAutoStateFooter.m in Sources */,
				4B7429F51CDDD4DA009CC9B2 /* ZJVc7Controller.m in Sources */,
				4A1DDE671D769C3E006F4C69 /* MJRefreshComponent.m in Sources */,
				4A1DDE6D1D769C3E006F4C69 /* MJRefreshBackGifFooter.m in Sources */,
				4A765C511D6959CE00BD42C9 /* ZJVc10Controller.m in Sources */,
				4B7429FC1CDDE1E5009CC9B2 /* ZJVc8Controller.m in Sources */,
				4A1DDE691D769C3E006F4C69 /* MJRefreshHeader.m in Sources */,
				4B7429EC1CDDCE29009CC9B2 /* ZJVc3Controller.m in Sources */,
				4A1DDE651D769C3E006F4C69 /* MJRefreshAutoFooter.m in Sources */,
				4B7429DF1CDD9C16009CC9B2 /* ZJScrollSegmentView.m in Sources */,
				4AD142281D2CE807001113FC /* ZJPageController.m in Sources */,
				4A1DDE261D767859006F4C69 /* ZJPageViewController.m in Sources */,
				4B7429F81CDDDC35009CC9B2 /* ZJTestViewController.m in Sources */,
				4AD1422E1D2E2A00001113FC /* ZJCollectionController.m in Sources */,
				4B7429E01CDD9C16009CC9B2 /* ZJSegmentStyle.m in Sources */,
				4AD142311D2E33DA001113FC /* ZJTableViewController.m in Sources */,
				4A1DDE711D769C3E006F4C69 /* MJRefreshNormalHeader.m in Sources */,
				4A1DDE721D769C3E006F4C69 /* MJRefreshStateHeader.m in Sources */,
				4A1DDE701D769C3E006F4C69 /* MJRefreshGifHeader.m in Sources */,
				4A1DDE751D769C3E006F4C69 /* NSBundle+MJRefresh.m in Sources */,
				4A1DDE6E1D769C3E006F4C69 /* MJRefreshBackNormalFooter.m in Sources */,
				4A1DDE761D769C3E006F4C69 /* UIScrollView+MJExtension.m in Sources */,
				4AD142241D2CE6AD001113FC /* ZJVc0Controller.m in Sources */,
				4A1DDE6A1D769C3E006F4C69 /* MJRefreshAutoGifFooter.m in Sources */,
				4AC695A71EB05379007BA04C /* ZJTest2ViewController.m in Sources */,
				4B7429DB1CDD9C16009CC9B2 /* UIView+ZJFrame.m in Sources */,
				4B0C06371CDC55080079E8F3 /* ViewController.m in Sources */,
				4A1DDE681D769C3E006F4C69 /* MJRefreshFooter.m in Sources */,
				4A1DDE1E1D7677B6006F4C69 /* ZJPageCollectionViewController.m in Sources */,
				4B0C06341CDC55080079E8F3 /* AppDelegate.m in Sources */,
				4B7429DC1CDD9C16009CC9B2 /* ZJContentView.m in Sources */,
				4A1DDE211D7677C6006F4C69 /* ZJPageTableViewController.m in Sources */,
				4A1DDE771D769C3E006F4C69 /* UIScrollView+MJRefresh.m in Sources */,
				4B7429E61CDDB3E4009CC9B2 /* ZJVc1Controller.m in Sources */,
				4B0C06311CDC55080079E8F3 /* main.m in Sources */,
				4A1DDE6F1D769C3E006F4C69 /* MJRefreshBackStateFooter.m in Sources */,
				4B7429F21CDDD409009CC9B2 /* ZJVc5Controller.m in Sources */,
				4B7429DD1CDD9C16009CC9B2 /* ZJTitleView.m in Sources */,
				4AAF4F0F1D24D88D009F6D3F /* ZJTest1Controller.m in Sources */,
			);
			runOnlyForDeploymentPostprocessing = 0;
		};
		4B0C06411CDC55080079E8F3 /* Sources */ = {
			isa = PBXSourcesBuildPhase;
			buildActionMask = 2147483647;
			files = (
				4B0C064A1CDC55080079E8F3 /* ZJScrollPageViewTests.m in Sources */,
			);
			runOnlyForDeploymentPostprocessing = 0;
		};
		4B0C064C1CDC55080079E8F3 /* Sources */ = {
			isa = PBXSourcesBuildPhase;
			buildActionMask = 2147483647;
			files = (
				4B0C06551CDC55080079E8F3 /* ZJScrollPageViewUITests.m in Sources */,
			);
			runOnlyForDeploymentPostprocessing = 0;
		};
/* End PBXSourcesBuildPhase section */

/* Begin PBXTargetDependency section */
		4B0C06471CDC55080079E8F3 /* PBXTargetDependency */ = {
			isa = PBXTargetDependency;
			target = 4B0C062B1CDC55080079E8F3 /* ZJScrollPageView */;
			targetProxy = 4B0C06461CDC55080079E8F3 /* PBXContainerItemProxy */;
		};
		4B0C06521CDC55080079E8F3 /* PBXTargetDependency */ = {
			isa = PBXTargetDependency;
			target = 4B0C062B1CDC55080079E8F3 /* ZJScrollPageView */;
			targetProxy = 4B0C06511CDC55080079E8F3 /* PBXContainerItemProxy */;
		};
/* End PBXTargetDependency section */

/* Begin PBXVariantGroup section */
		4B0C063D1CDC55080079E8F3 /* LaunchScreen.storyboard */ = {
			isa = PBXVariantGroup;
			children = (
				4B0C063E1CDC55080079E8F3 /* Base */,
			);
			name = LaunchScreen.storyboard;
			sourceTree = "<group>";
		};
/* End PBXVariantGroup section */

/* Begin XCBuildConfiguration section */
		4B0C06571CDC55080079E8F3 /* Debug */ = {
			isa = XCBuildConfiguration;
			buildSettings = {
				ALWAYS_SEARCH_USER_PATHS = NO;
				CLANG_ANALYZER_NONNULL = YES;
				CLANG_CXX_LANGUAGE_STANDARD = "gnu++0x";
				CLANG_CXX_LIBRARY = "libc++";
				CLANG_ENABLE_MODULES = YES;
				CLANG_ENABLE_OBJC_ARC = YES;
				CLANG_WARN_BOOL_CONVERSION = YES;
				CLANG_WARN_CONSTANT_CONVERSION = YES;
				CLANG_WARN_DIRECT_OBJC_ISA_USAGE = YES_ERROR;
				CLANG_WARN_EMPTY_BODY = YES;
				CLANG_WARN_ENUM_CONVERSION = YES;
				CLANG_WARN_INT_CONVERSION = YES;
				CLANG_WARN_OBJC_ROOT_CLASS = YES_ERROR;
				CLANG_WARN_UNREACHABLE_CODE = YES;
				CLANG_WARN__DUPLICATE_METHOD_MATCH = YES;
				"CODE_SIGN_IDENTITY[sdk=iphoneos*]" = "iPhone Developer";
				COPY_PHASE_STRIP = NO;
				DEBUG_INFORMATION_FORMAT = dwarf;
				ENABLE_STRICT_OBJC_MSGSEND = YES;
				ENABLE_TESTABILITY = YES;
				GCC_C_LANGUAGE_STANDARD = gnu99;
				GCC_DYNAMIC_NO_PIC = NO;
				GCC_NO_COMMON_BLOCKS = YES;
				GCC_OPTIMIZATION_LEVEL = 0;
				GCC_PREPROCESSOR_DEFINITIONS = (
					"DEBUG=1",
					"$(inherited)",
				);
				GCC_WARN_64_TO_32_BIT_CONVERSION = YES;
				GCC_WARN_ABOUT_RETURN_TYPE = YES_ERROR;
				GCC_WARN_UNDECLARED_SELECTOR = YES;
				GCC_WARN_UNINITIALIZED_AUTOS = YES_AGGRESSIVE;
				GCC_WARN_UNUSED_FUNCTION = YES;
				GCC_WARN_UNUSED_VARIABLE = YES;
				IPHONEOS_DEPLOYMENT_TARGET = 9.3;
				MTL_ENABLE_DEBUG_INFO = YES;
				ONLY_ACTIVE_ARCH = YES;
				SDKROOT = iphoneos;
				TARGETED_DEVICE_FAMILY = "1,2";
			};
			name = Debug;
		};
		4B0C06581CDC55080079E8F3 /* Release */ = {
			isa = XCBuildConfiguration;
			buildSettings = {
				ALWAYS_SEARCH_USER_PATHS = NO;
				CLANG_ANALYZER_NONNULL = YES;
				CLANG_CXX_LANGUAGE_STANDARD = "gnu++0x";
				CLANG_CXX_LIBRARY = "libc++";
				CLANG_ENABLE_MODULES = YES;
				CLANG_ENABLE_OBJC_ARC = YES;
				CLANG_WARN_BOOL_CONVERSION = YES;
				CLANG_WARN_CONSTANT_CONVERSION = YES;
				CLANG_WARN_DIRECT_OBJC_ISA_USAGE = YES_ERROR;
				CLANG_WARN_EMPTY_BODY = YES;
				CLANG_WARN_ENUM_CONVERSION = YES;
				CLANG_WARN_INT_CONVERSION = YES;
				CLANG_WARN_OBJC_ROOT_CLASS = YES_ERROR;
				CLANG_WARN_UNREACHABLE_CODE = YES;
				CLANG_WARN__DUPLICATE_METHOD_MATCH = YES;
				"CODE_SIGN_IDENTITY[sdk=iphoneos*]" = "iPhone Developer";
				COPY_PHASE_STRIP = NO;
				DEBUG_INFORMATION_FORMAT = "dwarf-with-dsym";
				ENABLE_NS_ASSERTIONS = NO;
				ENABLE_STRICT_OBJC_MSGSEND = YES;
				GCC_C_LANGUAGE_STANDARD = gnu99;
				GCC_NO_COMMON_BLOCKS = YES;
				GCC_WARN_64_TO_32_BIT_CONVERSION = YES;
				GCC_WARN_ABOUT_RETURN_TYPE = YES_ERROR;
				GCC_WARN_UNDECLARED_SELECTOR = YES;
				GCC_WARN_UNINITIALIZED_AUTOS = YES_AGGRESSIVE;
				GCC_WARN_UNUSED_FUNCTION = YES;
				GCC_WARN_UNUSED_VARIABLE = YES;
				IPHONEOS_DEPLOYMENT_TARGET = 9.3;
				MTL_ENABLE_DEBUG_INFO = NO;
				SDKROOT = iphoneos;
				TARGETED_DEVICE_FAMILY = "1,2";
				VALIDATE_PRODUCT = YES;
			};
			name = Release;
		};
		4B0C065A1CDC55080079E8F3 /* Debug */ = {
			isa = XCBuildConfiguration;
			buildSettings = {
				ASSETCATALOG_COMPILER_APPICON_NAME = AppIcon;
				CODE_SIGN_IDENTITY = "iPhone Developer";
				"CODE_SIGN_IDENTITY[sdk=iphoneos*]" = "iPhone Developer";
				INFOPLIST_FILE = ZJScrollPageView/Info.plist;
				IPHONEOS_DEPLOYMENT_TARGET = 9.2;
				LD_RUNPATH_SEARCH_PATHS = "$(inherited) @executable_path/Frameworks";
				PRODUCT_BUNDLE_IDENTIFIER = com.ZeroJ.ZJScrollPageView;
				PRODUCT_NAME = "$(TARGET_NAME)";
				PROVISIONING_PROFILE = "";
			};
			name = Debug;
		};
		4B0C065B1CDC55080079E8F3 /* Release */ = {
			isa = XCBuildConfiguration;
			buildSettings = {
				ASSETCATALOG_COMPILER_APPICON_NAME = AppIcon;
				CODE_SIGN_IDENTITY = "iPhone Developer";
				"CODE_SIGN_IDENTITY[sdk=iphoneos*]" = "iPhone Developer";
				INFOPLIST_FILE = ZJScrollPageView/Info.plist;
				IPHONEOS_DEPLOYMENT_TARGET = 9.2;
				LD_RUNPATH_SEARCH_PATHS = "$(inherited) @executable_path/Frameworks";
				PRODUCT_BUNDLE_IDENTIFIER = com.ZeroJ.ZJScrollPageView;
				PRODUCT_NAME = "$(TARGET_NAME)";
				PROVISIONING_PROFILE = "";
			};
			name = Release;
		};
		4B0C065D1CDC55080079E8F3 /* Debug */ = {
			isa = XCBuildConfiguration;
			buildSettings = {
				BUNDLE_LOADER = "$(TEST_HOST)";
				INFOPLIST_FILE = ZJScrollPageViewTests/Info.plist;
				LD_RUNPATH_SEARCH_PATHS = "$(inherited) @executable_path/Frameworks @loader_path/Frameworks";
				PRODUCT_BUNDLE_IDENTIFIER = com.ZeroJ.ZJScrollPageViewTests;
				PRODUCT_NAME = "$(TARGET_NAME)";
				TEST_HOST = "$(BUILT_PRODUCTS_DIR)/ZJScrollPageView.app/ZJScrollPageView";
			};
			name = Debug;
		};
		4B0C065E1CDC55080079E8F3 /* Release */ = {
			isa = XCBuildConfiguration;
			buildSettings = {
				BUNDLE_LOADER = "$(TEST_HOST)";
				INFOPLIST_FILE = ZJScrollPageViewTests/Info.plist;
				LD_RUNPATH_SEARCH_PATHS = "$(inherited) @executable_path/Frameworks @loader_path/Frameworks";
				PRODUCT_BUNDLE_IDENTIFIER = com.ZeroJ.ZJScrollPageViewTests;
				PRODUCT_NAME = "$(TARGET_NAME)";
				TEST_HOST = "$(BUILT_PRODUCTS_DIR)/ZJScrollPageView.app/ZJScrollPageView";
			};
			name = Release;
		};
		4B0C06601CDC55080079E8F3 /* Debug */ = {
			isa = XCBuildConfiguration;
			buildSettings = {
				INFOPLIST_FILE = ZJScrollPageViewUITests/Info.plist;
				LD_RUNPATH_SEARCH_PATHS = "$(inherited) @executable_path/Frameworks @loader_path/Frameworks";
				PRODUCT_BUNDLE_IDENTIFIER = com.ZeroJ.ZJScrollPageViewUITests;
				PRODUCT_NAME = "$(TARGET_NAME)";
				TEST_TARGET_NAME = ZJScrollPageView;
			};
			name = Debug;
		};
		4B0C06611CDC55080079E8F3 /* Release */ = {
			isa = XCBuildConfiguration;
			buildSettings = {
				INFOPLIST_FILE = ZJScrollPageViewUITests/Info.plist;
				LD_RUNPATH_SEARCH_PATHS = "$(inherited) @executable_path/Frameworks @loader_path/Frameworks";
				PRODUCT_BUNDLE_IDENTIFIER = com.ZeroJ.ZJScrollPageViewUITests;
				PRODUCT_NAME = "$(TARGET_NAME)";
				TEST_TARGET_NAME = ZJScrollPageView;
			};
			name = Release;
		};
/* End XCBuildConfiguration section */

/* Begin XCConfigurationList section */
		4B0C06271CDC55080079E8F3 /* Build configuration list for PBXProject "ZJScrollPageView" */ = {
			isa = XCConfigurationList;
			buildConfigurations = (
				4B0C06571CDC55080079E8F3 /* Debug */,
				4B0C06581CDC55080079E8F3 /* Release */,
			);
			defaultConfigurationIsVisible = 0;
			defaultConfigurationName = Release;
		};
		4B0C06591CDC55080079E8F3 /* Build configuration list for PBXNativeTarget "ZJScrollPageView" */ = {
			isa = XCConfigurationList;
			buildConfigurations = (
				4B0C065A1CDC55080079E8F3 /* Debug */,
				4B0C065B1CDC55080079E8F3 /* Release */,
			);
			defaultConfigurationIsVisible = 0;
			defaultConfigurationName = Release;
		};
		4B0C065C1CDC55080079E8F3 /* Build configuration list for PBXNativeTarget "ZJScrollPageViewTests" */ = {
			isa = XCConfigurationList;
			buildConfigurations = (
				4B0C065D1CDC55080079E8F3 /* Debug */,
				4B0C065E1CDC55080079E8F3 /* Release */,
			);
			defaultConfigurationIsVisible = 0;
			defaultConfigurationName = Release;
		};
		4B0C065F1CDC55080079E8F3 /* Build configuration list for PBXNativeTarget "ZJScrollPageViewUITests" */ = {
			isa = XCConfigurationList;
			buildConfigurations = (
				4B0C06601CDC55080079E8F3 /* Debug */,
				4B0C06611CDC55080079E8F3 /* Release */,
			);
			defaultConfigurationIsVisible = 0;
			defaultConfigurationName = Release;
		};
/* End XCConfigurationList section */
	};
	rootObject = 4B0C06241CDC55080079E8F3 /* Project object */;
}
